
Microsoft Visual Studio Solution File, Format Version 12.00
# Visual Studio Version 17
VisualStudioVersion = 17.7.34221.43
MinimumVisualStudioVersion = 10.0.40219.1
Project("{FAE04EC0-301F-11D3-BF4B-00C04F79EFBC}") = "odevtakipuygulaması", "odevtakipuygulaması\odevtakipuygulaması.csproj", "{0B10BEBB-DF6C-476A-A3B1-5B745E6EABE5}"
EndProject
Global
	GlobalSection(SolutionConfigurationPlatforms) = preSolution
		Debug|Any CPU = Debug|Any CPU
		Release|Any CPU = Release|Any CPU
	EndGlobalSection
	GlobalSection(ProjectConfigurationPlatforms) = postSolution
		{0B10BEBB-DF6C-476A-A3B1-5B745E6EABE5}.Debug|Any CPU.ActiveCfg = Debug|Any CPU
		{0B10BEBB-DF6C-476A-A3B1-5B745E6EABE5}.Debug|Any CPU.Build.0 = Debug|Any CPU
		{0B10BEBB-DF6C-476A-A3B1-5B745E6EABE5}.Release|Any CPU.ActiveCfg = Release|Any CPU
		{0B10BEBB-DF6C-476A-A3B1-5B745E6EABE5}.Release|Any CPU.Build.0 = Release|Any CPU
	EndGlobalSection
	GlobalSection(SolutionProperties) = preSolution
		HideSolutionNode = FALSE
	EndGlobalSection
	GlobalSection(ExtensibilityGlobals) = postSolution
		SolutionGuid = {F584297F-92D7-4EBD-8D2D-F1F8384BD75F}
	EndGlobalSection
EndGlobal
